
Microsoft Visual Studio Solution File, Format Version 12.00
# Visual Studio Version 17
VisualStudioVersion = 17.10.35027.167
MinimumVisualStudioVersion = 10.0.40219.1
Project("{9A19103F-16F7-4668-BE54-9A1E7A4F7556}") = "Product.API", "Product\Product.API.csproj", "{16E0CD62-4880-45EF-AC38-A90E965114DC}"
EndProject
Project("{9A19103F-16F7-4668-BE54-9A1E7A4F7556}") = "Product.DAL", "Product.DAL\Product.DAL.csproj", "{5320EC53-52CB-493A-B769-D36E511CC8C7}"
EndProject
Project("{FAE04EC0-301F-11D3-BF4B-00C04F79EFBC}") = "Product.Models", "Product.Models\Product.Models.csproj", "{A9532E7D-36E2-4CD5-81D1-0F851683C5A8}"
EndProject
Project("{FAE04EC0-301F-11D3-BF4B-00C04F79EFBC}") = "Product.Repository", "Product.Repository\Product.Repository.csproj", "{07EE60DA-768A-4D58-9B64-D18B18C9C6CE}"
EndProject
Project("{FAE04EC0-301F-11D3-BF4B-00C04F79EFBC}") = "Product.UtilityLibrary", "Product.UtilityLibrary\Product.UtilityLibrary.csproj", "{13940D2D-D396-4C94-9A6D-2D71FA2C436A}"
EndProject
Global
	GlobalSection(SolutionConfigurationPlatforms) = preSolution
		Debug|Any CPU = Debug|Any CPU
		Release|Any CPU = Release|Any CPU
	EndGlobalSection
	GlobalSection(ProjectConfigurationPlatforms) = postSolution
		{16E0CD62-4880-45EF-AC38-A90E965114DC}.Debug|Any CPU.ActiveCfg = Debug|Any CPU
		{16E0CD62-4880-45EF-AC38-A90E965114DC}.Debug|Any CPU.Build.0 = Debug|Any CPU
		{16E0CD62-4880-45EF-AC38-A90E965114DC}.Release|Any CPU.ActiveCfg = Release|Any CPU
		{16E0CD62-4880-45EF-AC38-A90E965114DC}.Release|Any CPU.Build.0 = Release|Any CPU
		{5320EC53-52CB-493A-B769-D36E511CC8C7}.Debug|Any CPU.ActiveCfg = Debug|Any CPU
		{5320EC53-52CB-493A-B769-D36E511CC8C7}.Debug|Any CPU.Build.0 = Debug|Any CPU
		{5320EC53-52CB-493A-B769-D36E511CC8C7}.Release|Any CPU.ActiveCfg = Release|Any CPU
		{5320EC53-52CB-493A-B769-D36E511CC8C7}.Release|Any CPU.Build.0 = Release|Any CPU
		{A9532E7D-36E2-4CD5-81D1-0F851683C5A8}.Debug|Any CPU.ActiveCfg = Debug|Any CPU
		{A9532E7D-36E2-4CD5-81D1-0F851683C5A8}.Debug|Any CPU.Build.0 = Debug|Any CPU
		{A9532E7D-36E2-4CD5-81D1-0F851683C5A8}.Release|Any CPU.ActiveCfg = Release|Any CPU
		{A9532E7D-36E2-4CD5-81D1-0F851683C5A8}.Release|Any CPU.Build.0 = Release|Any CPU
		{07EE60DA-768A-4D58-9B64-D18B18C9C6CE}.Debug|Any CPU.ActiveCfg = Debug|Any CPU
		{07EE60DA-768A-4D58-9B64-D18B18C9C6CE}.Debug|Any CPU.Build.0 = Debug|Any CPU
		{07EE60DA-768A-4D58-9B64-D18B18C9C6CE}.Release|Any CPU.ActiveCfg = Release|Any CPU
		{07EE60DA-768A-4D58-9B64-D18B18C9C6CE}.Release|Any CPU.Build.0 = Release|Any CPU
		{13940D2D-D396-4C94-9A6D-2D71FA2C436A}.Debug|Any CPU.ActiveCfg = Debug|Any CPU
		{13940D2D-D396-4C94-9A6D-2D71FA2C436A}.Debug|Any CPU.Build.0 = Debug|Any CPU
		{13940D2D-D396-4C94-9A6D-2D71FA2C436A}.Release|Any CPU.ActiveCfg = Release|Any CPU
		{13940D2D-D396-4C94-9A6D-2D71FA2C436A}.Release|Any CPU.Build.0 = Release|Any CPU
	EndGlobalSection
	GlobalSection(SolutionProperties) = preSolution
		HideSolutionNode = FALSE
	EndGlobalSection
	GlobalSection(ExtensibilityGlobals) = postSolution
		SolutionGuid = {0F5E0624-526A-4778-B2FB-21D50F94BEC3}
	EndGlobalSection
EndGlobal
